
Microsoft Visual Studio Solution File, Format Version 12.00
# Visual Studio Version 17
VisualStudioVersion = 17.0.31903.59
MinimumVisualStudioVersion = 10.0.40219.1
Project("{FAE04EC0-301F-11D3-BF4B-00C04F79EFBC}") = "API", "API\API.csproj", "{7139540C-557A-4D83-AD5F-6F0026AF9F47}"
EndProject
Project("{FAE04EC0-301F-11D3-BF4B-00C04F79EFBC}") = "Core", "Core\Core.csproj", "{D327374D-D826-4416-A0FC-42905AE37C41}"
EndProject
Project("{FAE04EC0-301F-11D3-BF4B-00C04F79EFBC}") = "Infrastructure", "Infrastructure\Infrastructure.csproj", "{F26E249E-ABF3-47AA-9F7F-7195ADBC2133}"
EndProject
Global
	GlobalSection(SolutionConfigurationPlatforms) = preSolution
		Debug|Any CPU = Debug|Any CPU
		Release|Any CPU = Release|Any CPU
	EndGlobalSection
	GlobalSection(SolutionProperties) = preSolution
		HideSolutionNode = FALSE
	EndGlobalSection
	GlobalSection(ProjectConfigurationPlatforms) = postSolution
		{7139540C-557A-4D83-AD5F-6F0026AF9F47}.Debug|Any CPU.ActiveCfg = Debug|Any CPU
		{7139540C-557A-4D83-AD5F-6F0026AF9F47}.Debug|Any CPU.Build.0 = Debug|Any CPU
		{7139540C-557A-4D83-AD5F-6F0026AF9F47}.Release|Any CPU.ActiveCfg = Release|Any CPU
		{7139540C-557A-4D83-AD5F-6F0026AF9F47}.Release|Any CPU.Build.0 = Release|Any CPU
		{D327374D-D826-4416-A0FC-42905AE37C41}.Debug|Any CPU.ActiveCfg = Debug|Any CPU
		{D327374D-D826-4416-A0FC-42905AE37C41}.Debug|Any CPU.Build.0 = Debug|Any CPU
		{D327374D-D826-4416-A0FC-42905AE37C41}.Release|Any CPU.ActiveCfg = Release|Any CPU
		{D327374D-D826-4416-A0FC-42905AE37C41}.Release|Any CPU.Build.0 = Release|Any CPU
		{F26E249E-ABF3-47AA-9F7F-7195ADBC2133}.Debug|Any CPU.ActiveCfg = Debug|Any CPU
		{F26E249E-ABF3-47AA-9F7F-7195ADBC2133}.Debug|Any CPU.Build.0 = Debug|Any CPU
		{F26E249E-ABF3-47AA-9F7F-7195ADBC2133}.Release|Any CPU.ActiveCfg = Release|Any CPU
		{F26E249E-ABF3-47AA-9F7F-7195ADBC2133}.Release|Any CPU.Build.0 = Release|Any CPU
	EndGlobalSection
EndGlobal
